
Microsoft Visual Studio Solution File, Format Version 12.00
# Visual Studio Version 17
VisualStudioVersion = 17.9.34701.34
MinimumVisualStudioVersion = 10.0.40219.1
Project("{8BC9CEB8-8B4A-11D0-8D11-00A0C91BC942}") = "DZ(23.09.2024)", "DZ(23.09.2024)\DZ(23.09.2024).vcxproj", "{70E59783-047B-4095-95B9-745F6FEA3D17}"
EndProject
Global
	GlobalSection(SolutionConfigurationPlatforms) = preSolution
		Debug|x64 = Debug|x64
		Debug|x86 = Debug|x86
		Release|x64 = Release|x64
		Release|x86 = Release|x86
	EndGlobalSection
	GlobalSection(ProjectConfigurationPlatforms) = postSolution
		{70E59783-047B-4095-95B9-745F6FEA3D17}.Debug|x64.ActiveCfg = Debug|x64
		{70E59783-047B-4095-95B9-745F6FEA3D17}.Debug|x64.Build.0 = Debug|x64
		{70E59783-047B-4095-95B9-745F6FEA3D17}.Debug|x86.ActiveCfg = Debug|Win32
		{70E59783-047B-4095-95B9-745F6FEA3D17}.Debug|x86.Build.0 = Debug|Win32
		{70E59783-047B-4095-95B9-745F6FEA3D17}.Release|x64.ActiveCfg = Release|x64
		{70E59783-047B-4095-95B9-745F6FEA3D17}.Release|x64.Build.0 = Release|x64
		{70E59783-047B-4095-95B9-745F6FEA3D17}.Release|x86.ActiveCfg = Release|Win32
		{70E59783-047B-4095-95B9-745F6FEA3D17}.Release|x86.Build.0 = Release|Win32
	EndGlobalSection
	GlobalSection(SolutionProperties) = preSolution
		HideSolutionNode = FALSE
	EndGlobalSection
	GlobalSection(ExtensibilityGlobals) = postSolution
		SolutionGuid = {9A203F24-6B10-49FD-ABE6-135EA85834E3}
	EndGlobalSection
EndGlobal
